// !$*UTF8*$!
{
	archiveVersion = 1;
	classes = {
	};
	objectVersion = 48;
	objects = {

/* Begin PBXBuildFile section */
		5B1D36B51FDA5820001B2A79 /* AppDelegate.swift in Sources */ = {isa = PBXBuildFile; fileRef = 5B1D36B41FDA5820001B2A79 /* AppDelegate.swift */; };
		5B1D36B71FDA5820001B2A79 /* ViewController.swift in Sources */ = {isa = PBXBuildFile; fileRef = 5B1D36B61FDA5820001B2A79 /* ViewController.swift */; };
		5B1D36BA1FDA5820001B2A79 /* Main.storyboard in Resources */ = {isa = PBXBuildFile; fileRef = 5B1D36B81FDA5820001B2A79 /* Main.storyboard */; };
		5B1D36BC1FDA5820001B2A79 /* Assets.xcassets in Resources */ = {isa = PBXBuildFile; fileRef = 5B1D36BB1FDA5820001B2A79 /* Assets.xcassets */; };
		5B1D36BF1FDA5820001B2A79 /* LaunchScreen.storyboard in Resources */ = {isa = PBXBuildFile; fileRef = 5B1D36BD1FDA5820001B2A79 /* LaunchScreen.storyboard */; };
		5B1D36CA1FDA5820001B2A79 /* sampleProjectTests.swift in Sources */ = {isa = PBXBuildFile; fileRef = 5B1D36C91FDA5820001B2A79 /* sampleProjectTests.swift */; };
		5B1D36D51FDA5820001B2A79 /* sampleProjectUITests.swift in Sources */ = {isa = PBXBuildFile; fileRef = 5B1D36D41FDA5820001B2A79 /* sampleProjectUITests.swift */; };
/* End PBXBuildFile section */

/* Begin PBXContainerItemProxy section */
		5B1D36C61FDA5820001B2A79 /* PBXContainerItemProxy */ = {
			isa = PBXContainerItemProxy;
			containerPortal = 5B1D36A91FDA5820001B2A79 /* Project object */;
			proxyType = 1;
			remoteGlobalIDString = 5B1D36B01FDA5820001B2A79;
			remoteInfo = sampleProject;
		};
		5B1D36D11FDA5820001B2A79 /* PBXContainerItemProxy */ = {
			isa = PBXContainerItemProxy;
			containerPortal = 5B1D36A91FDA5820001B2A79 /* Project object */;
			proxyType = 1;
			remoteGlobalIDString = 5B1D36B01FDA5820001B2A79;
			remoteInfo = sampleProject;
		};
/* End PBXContainerItemProxy section */

/* Begin PBXFileReference section */
		5B1D36B11FDA5820001B2A79 /* sampleProject.app */ = {isa = PBXFileReference; explicitFileType = wrapper.application; includeInIndex = 0; path = sampleProject.app; sourceTree = BUILT_PRODUCTS_DIR; };
		5B1D36B41FDA5820001B2A79 /* AppDelegate.swift */ = {isa = PBXFileReference; lastKnownFileType = sourcecode.swift; path = AppDelegate.swift; sourceTree = "<group>"; };
		5B1D36B61FDA5820001B2A79 /* ViewController.swift */ = {isa = PBXFileReference; lastKnownFileType = sourcecode.swift; path = ViewController.swift; sourceTree = "<group>"; };
		5B1D36B91FDA5820001B2A79 /* Base */ = {isa = PBXFileReference; lastKnownFileType = file.storyboard; name = Base; path = Base.lproj/Main.storyboard; sourceTree = "<group>"; };
		5B1D36BB1FDA5820001B2A79 /* Assets.xcassets */ = {isa = PBXFileReference; lastKnownFileType = folder.assetcatalog; path = Assets.xcassets; sourceTree = "<group>"; };
		5B1D36BE1FDA5820001B2A79 /* Base */ = {isa = PBXFileReference; lastKnownFileType = file.storyboard; name = Base; path = Base.lproj/LaunchScreen.storyboard; sourceTree = "<group>"; };
		5B1D36C01FDA5820001B2A79 /* Info.plist */ = {isa = PBXFileReference; lastKnownFileType = text.plist.xml; path = Info.plist; sourceTree = "<group>"; };
		5B1D36C51FDA5820001B2A79 /* sampleProjectTests.xctest */ = {isa = PBXFileReference; explicitFileType = wrapper.cfbundle; includeInIndex = 0; path = sampleProjectTests.xctest; sourceTree = BUILT_PRODUCTS_DIR; };
		5B1D36C91FDA5820001B2A79 /* sampleProjectTests.swift */ = {isa = PBXFileReference; lastKnownFileType = sourcecode.swift; path = sampleProjectTests.swift; sourceTree = "<group>"; };
		5B1D36CB1FDA5820001B2A79 /* Info.plist */ = {isa = PBXFileReference; lastKnownFileType = text.plist.xml; path = Info.plist; sourceTree = "<group>"; };
		5B1D36D01FDA5820001B2A79 /* sampleProjectUITests.xctest */ = {isa = PBXFileReference; explicitFileType = wrapper.cfbundle; includeInIndex = 0; path = sampleProjectUITests.xctest; sourceTree = BUILT_PRODUCTS_DIR; };
		5B1D36D41FDA5820001B2A79 /* sampleProjectUITests.swift */ = {isa = PBXFileReference; lastKnownFileType = sourcecode.swift; path = sampleProjectUITests.swift; sourceTree = "<group>"; };
		5B1D36D61FDA5820001B2A79 /* Info.plist */ = {isa = PBXFileReference; lastKnownFileType = text.plist.xml; path = Info.plist; sourceTree = "<group>"; };
/* End PBXFileReference section */

/* Begin PBXFrameworksBuildPhase section */
		5B1D36AE1FDA5820001B2A79 /* Frameworks */ = {
			isa = PBXFrameworksBuildPhase;
			buildActionMask = 2147483647;
			files = (
			);
			runOnlyForDeploymentPostprocessing = 0;
		};
		5B1D36C21FDA5820001B2A79 /* Frameworks */ = {
			isa = PBXFrameworksBuildPhase;
			buildActionMask = 2147483647;
			files = (
			);
			runOnlyForDeploymentPostprocessing = 0;
		};
		5B1D36CD1FDA5820001B2A79 /* Frameworks */ = {
			isa = PBXFrameworksBuildPhase;
			buildActionMask = 2147483647;
			files = (
			);
			runOnlyForDeploymentPostprocessing = 0;
		};
/* End PBXFrameworksBuildPhase section */

/* Begin PBXGroup section */
		5B1D36A81FDA5820001B2A79 = {
			isa = PBXGroup;
			children = (
				5B1D36B31FDA5820001B2A79 /* sampleProject */,
				5B1D36C81FDA5820001B2A79 /* sampleProjectTests */,
				5B1D36D31FDA5820001B2A79 /* sampleProjectUITests */,
				5B1D36B21FDA5820001B2A79 /* Products */,
			);
			sourceTree = "<group>";
		};
		5B1D36B21FDA5820001B2A79 /* Products */ = {
			isa = PBXGroup;
			children = (
				5B1D36B11FDA5820001B2A79 /* sampleProject.app */,
				5B1D36C51FDA5820001B2A79 /* sampleProjectTests.xctest */,
				5B1D36D01FDA5820001B2A79 /* sampleProjectUITests.xctest */,
			);
			name = Products;
			sourceTree = "<group>";
		};
		5B1D36B31FDA5820001B2A79 /* sampleProject */ = {
			isa = PBXGroup;
			children = (
				5B1D36B41FDA5820001B2A79 /* AppDelegate.swift */,
				5B1D36B61FDA5820001B2A79 /* ViewController.swift */,
				5B1D36B81FDA5820001B2A79 /* Main.storyboard */,
				5B1D36BB1FDA5820001B2A79 /* Assets.xcassets */,
				5B1D36BD1FDA5820001B2A79 /* LaunchScreen.storyboard */,
				5B1D36C01FDA5820001B2A79 /* Info.plist */,
			);
			path = sampleProject;
			sourceTree = "<group>";
		};
		5B1D36C81FDA5820001B2A79 /* sampleProjectTests */ = {
			isa = PBXGroup;
			children = (
				5B1D36C91FDA5820001B2A79 /* sampleProjectTests.swift */,
				5B1D36CB1FDA5820001B2A79 /* Info.plist */,
			);
			path = sampleProjectTests;
			sourceTree = "<group>";
		};
		5B1D36D31FDA5820001B2A79 /* sampleProjectUITests */ = {
			isa = PBXGroup;
			children = (
				5B1D36D41FDA5820001B2A79 /* sampleProjectUITests.swift */,
				5B1D36D61FDA5820001B2A79 /* Info.plist */,
			);
			path = sampleProjectUITests;
			sourceTree = "<group>";
		};
/* End PBXGroup section */

/* Begin PBXNativeTarget section */
		5B1D36B01FDA5820001B2A79 /* sampleProject */ = {
			isa = PBXNativeTarget;
			buildConfigurationList = 5B1D36D91FDA5820001B2A79 /* Build configuration list for PBXNativeTarget "sampleProject" */;
			buildPhases = (
				5B1D36AD1FDA5820001B2A79 /* Sources */,
				5B1D36AE1FDA5820001B2A79 /* Frameworks */,
				5B1D36AF1FDA5820001B2A79 /* Resources */,
			);
			buildRules = (
			);
			dependencies = (
			);
			name = sampleProject;
			productName = sampleProject;
			productReference = 5B1D36B11FDA5820001B2A79 /* sampleProject.app */;
			productType = "com.apple.product-type.application";
		};
		5B1D36C41FDA5820001B2A79 /* sampleProjectTests */ = {
			isa = PBXNativeTarget;
			buildConfigurationList = 5B1D36DC1FDA5820001B2A79 /* Build configuration list for PBXNativeTarget "sampleProjectTests" */;
			buildPhases = (
				5B1D36C11FDA5820001B2A79 /* Sources */,
				5B1D36C21FDA5820001B2A79 /* Frameworks */,
				5B1D36C31FDA5820001B2A79 /* Resources */,
			);
			buildRules = (
			);
			dependencies = (
				5B1D36C71FDA5820001B2A79 /* PBXTargetDependency */,
			);
			name = sampleProjectTests;
			productName = sampleProjectTests;
			productReference = 5B1D36C51FDA5820001B2A79 /* sampleProjectTests.xctest */;
			productType = "com.apple.product-type.bundle.unit-test";
		};
		5B1D36CF1FDA5820001B2A79 /* sampleProjectUITests */ = {
			isa = PBXNativeTarget;
			buildConfigurationList = 5B1D36DF1FDA5820001B2A79 /* Build configuration list for PBXNativeTarget "sampleProjectUITests" */;
			buildPhases = (
				5B1D36CC1FDA5820001B2A79 /* Sources */,
				5B1D36CD1FDA5820001B2A79 /* Frameworks */,
				5B1D36CE1FDA5820001B2A79 /* Resources */,
			);
			buildRules = (
			);
			dependencies = (
				5B1D36D21FDA5820001B2A79 /* PBXTargetDependency */,
			);
			name = sampleProjectUITests;
			productName = sampleProjectUITests;
			productReference = 5B1D36D01FDA5820001B2A79 /* sampleProjectUITests.xctest */;
			productType = "com.apple.product-type.bundle.ui-testing";
		};
/* End PBXNativeTarget section */

/* Begin PBXProject section */
		5B1D36A91FDA5820001B2A79 /* Project object */ = {
			isa = PBXProject;
			attributes = {
				LastSwiftUpdateCheck = 0910;
				LastUpgradeCheck = 0910;
				ORGANIZATIONNAME = Briskstar;
				TargetAttributes = {
					5B1D36B01FDA5820001B2A79 = {
						CreatedOnToolsVersion = 9.1;
						ProvisioningStyle = Automatic;
					};
					5B1D36C41FDA5820001B2A79 = {
						CreatedOnToolsVersion = 9.1;
						ProvisioningStyle = Automatic;
						TestTargetID = 5B1D36B01FDA5820001B2A79;
					};
					5B1D36CF1FDA5820001B2A79 = {
						CreatedOnToolsVersion = 9.1;
						ProvisioningStyle = Automatic;
						TestTargetID = 5B1D36B01FDA5820001B2A79;
					};
				};
			};
			buildConfigurationList = 5B1D36AC1FDA5820001B2A79 /* Build configuration list for PBXProject "sampleProject" */;
			compatibilityVersion = "Xcode 8.0";
			developmentRegion = en;
			hasScannedForEncodings = 0;
			knownRegions = (
				en,
				Base,
			);
			mainGroup = 5B1D36A81FDA5820001B2A79;
			productRefGroup = 5B1D36B21FDA5820001B2A79 /* Products */;
			projectDirPath = "";
			projectRoot = "";
			targets = (
				5B1D36B01FDA5820001B2A79 /* sampleProject */,
				5B1D36C41FDA5820001B2A79 /* sampleProjectTests */,
				5B1D36CF1FDA5820001B2A79 /* sampleProjectUITests */,
			);
		};
/* End PBXProject section */

/* Begin PBXResourcesBuildPhase section */
		5B1D36AF1FDA5820001B2A79 /* Resources */ = {
			isa = PBXResourcesBuildPhase;
			buildActionMask = 2147483647;
			files = (
				5B1D36BF1FDA5820001B2A79 /* LaunchScreen.storyboard in Resources */,
				5B1D36BC1FDA5820001B2A79 /* Assets.xcassets in Resources */,
				5B1D36BA1FDA5820001B2A79 /* Main.storyboard in Resources */,
			);
			runOnlyForDeploymentPostprocessing = 0;
		};
		5B1D36C31FDA5820001B2A79 /* Resources */ = {
			isa = PBXResourcesBuildPhase;
			buildActionMask = 2147483647;
			files = (
			);
			runOnlyForDeploymentPostprocessing = 0;
		};
		5B1D36CE1FDA5820001B2A79 /* Resources */ = {
			isa = PBXResourcesBuildPhase;
			buildActionMask = 2147483647;
			files = (
			);
			runOnlyForDeploymentPostprocessing = 0;
		};
/* End PBXResourcesBuildPhase section */

/* Begin PBXSourcesBuildPhase section */
		5B1D36AD1FDA5820001B2A79 /* Sources */ = {
			isa = PBXSourcesBuildPhase;
			buildActionMask = 2147483647;
			files = (
				5B1D36B71FDA5820001B2A79 /* ViewController.swift in Sources */,
				5B1D36B51FDA5820001B2A79 /* AppDelegate.swift in Sources */,
			);
			runOnlyForDeploymentPostprocessing = 0;
		};
		5B1D36C11FDA5820001B2A79 /* Sources */ = {
			isa = PBXSourcesBuildPhase;
			buildActionMask = 2147483647;
			files = (
				5B1D36CA1FDA5820001B2A79 /* sampleProjectTests.swift in Sources */,
			);
			runOnlyForDeploymentPostprocessing = 0;
		};
		5B1D36CC1FDA5820001B2A79 /* Sources */ = {
			isa = PBXSourcesBuildPhase;
			buildActionMask = 2147483647;
			files = (
				5B1D36D51FDA5820001B2A79 /* sampleProjectUITests.swift in Sources */,
			);
			runOnlyForDeploymentPostprocessing = 0;
		};
/* End PBXSourcesBuildPhase section */

/* Begin PBXTargetDependency section */
		5B1D36C71FDA5820001B2A79 /* PBXTargetDependency */ = {
			isa = PBXTargetDependency;
			target = 5B1D36B01FDA5820001B2A79 /* sampleProject */;
			targetProxy = 5B1D36C61FDA5820001B2A79 /* PBXContainerItemProxy */;
		};
		5B1D36D21FDA5820001B2A79 /* PBXTargetDependency */ = {
			isa = PBXTargetDependency;
			target = 5B1D36B01FDA5820001B2A79 /* sampleProject */;
			targetProxy = 5B1D36D11FDA5820001B2A79 /* PBXContainerItemProxy */;
		};
/* End PBXTargetDependency section */

/* Begin PBXVariantGroup section */
		5B1D36B81FDA5820001B2A79 /* Main.storyboard */ = {
			isa = PBXVariantGroup;
			children = (
				5B1D36B91FDA5820001B2A79 /* Base */,
			);
			name = Main.storyboard;
			sourceTree = "<group>";
		};
		5B1D36BD1FDA5820001B2A79 /* LaunchScreen.storyboard */ = {
			isa = PBXVariantGroup;
			children = (
				5B1D36BE1FDA5820001B2A79 /* Base */,
			);
			name = LaunchScreen.storyboard;
			sourceTree = "<group>";
		};
/* End PBXVariantGroup section */

/* Begin XCBuildConfiguration section */
		5B1D36D71FDA5820001B2A79 /* Debug */ = {
			isa = XCBuildConfiguration;
			buildSettings = {
				ALWAYS_SEARCH_USER_PATHS = NO;
				CLANG_ANALYZER_NONNULL = YES;
				CLANG_ANALYZER_NUMBER_OBJECT_CONVERSION = YES_AGGRESSIVE;
				CLANG_CXX_LANGUAGE_STANDARD = "gnu++14";
				CLANG_CXX_LIBRARY = "libc++";
				CLANG_ENABLE_MODULES = YES;
				CLANG_ENABLE_OBJC_ARC = YES;
				CLANG_WARN_BLOCK_CAPTURE_AUTORELEASING = YES;
				CLANG_WARN_BOOL_CONVERSION = YES;
				CLANG_WARN_COMMA = YES;
				CLANG_WARN_CONSTANT_CONVERSION = YES;
				CLANG_WARN_DIRECT_OBJC_ISA_USAGE = YES_ERROR;
				CLANG_WARN_DOCUMENTATION_COMMENTS = YES;
				CLANG_WARN_EMPTY_BODY = YES;
				CLANG_WARN_ENUM_CONVERSION = YES;
				CLANG_WARN_INFINITE_RECURSION = YES;
				CLANG_WARN_INT_CONVERSION = YES;
				CLANG_WARN_NON_LITERAL_NULL_CONVERSION = YES;
				CLANG_WARN_OBJC_LITERAL_CONVERSION = YES;
				CLANG_WARN_OBJC_ROOT_CLASS = YES_ERROR;
				CLANG_WARN_RANGE_LOOP_ANALYSIS = YES;
				CLANG_WARN_STRICT_PROTOTYPES = YES;
				CLANG_WARN_SUSPICIOUS_MOVE = YES;
				CLANG_WARN_UNGUARDED_AVAILABILITY = YES_AGGRESSIVE;
				CLANG_WARN_UNREACHABLE_CODE = YES;
				CLANG_WARN__DUPLICATE_METHOD_MATCH = YES;
				CODE_SIGN_IDENTITY = "iPhone Developer";
				COPY_PHASE_STRIP = NO;
				DEBUG_INFORMATION_FORMAT = dwarf;
				ENABLE_STRICT_OBJC_MSGSEND = YES;
				ENABLE_TESTABILITY = YES;
				GCC_C_LANGUAGE_STANDARD = gnu11;
				GCC_DYNAMIC_NO_PIC = NO;
				GCC_NO_COMMON_BLOCKS = YES;
				GCC_OPTIMIZATION_LEVEL = 0;
				GCC_PREPROCESSOR_DEFINITIONS = (
					"DEBUG=1",
					"$(inherited)",
				);
				GCC_WARN_64_TO_32_BIT_CONVERSION = YES;
				GCC_WARN_ABOUT_RETURN_TYPE = YES_ERROR;
				GCC_WARN_UNDECLARED_SELECTOR = YES;
				GCC_WARN_UNINITIALIZED_AUTOS = YES_AGGRESSIVE;
				GCC_WARN_UNUSED_FUNCTION = YES;
				GCC_WARN_UNUSED_VARIABLE = YES;
				IPHONEOS_DEPLOYMENT_TARGET = 11.1;
				MTL_ENABLE_DEBUG_INFO = YES;
				ONLY_ACTIVE_ARCH = YES;
				SDKROOT = iphoneos;
				SWIFT_ACTIVE_COMPILATION_CONDITIONS = DEBUG;
				SWIFT_OPTIMIZATION_LEVEL = "-Onone";
			};
			name = Debug;
		};
		5B1D36D81FDA5820001B2A79 /* Release */ = {
			isa = XCBuildConfiguration;
			buildSettings = {
				ALWAYS_SEARCH_USER_PATHS = NO;
				CLANG_ANALYZER_NONNULL = YES;
				CLANG_ANALYZER_NUMBER_OBJECT_CONVERSION = YES_AGGRESSIVE;
				CLANG_CXX_LANGUAGE_STANDARD = "gnu++14";
				CLANG_CXX_LIBRARY = "libc++";
				CLANG_ENABLE_MODULES = YES;
				CLANG_ENABLE_OBJC_ARC = YES;
				CLANG_WARN_BLOCK_CAPTURE_AUTORELEASING = YES;
				CLANG_WARN_BOOL_CONVERSION = YES;
				CLANG_WARN_COMMA = YES;
				CLANG_WARN_CONSTANT_CONVERSION = YES;
				CLANG_WARN_DIRECT_OBJC_ISA_USAGE = YES_ERROR;
				CLANG_WARN_DOCUMENTATION_COMMENTS = YES;
				CLANG_WARN_EMPTY_BODY = YES;
				CLANG_WARN_ENUM_CONVERSION = YES;
				CLANG_WARN_INFINITE_RECURSION = YES;
				CLANG_WARN_INT_CONVERSION = YES;
				CLANG_WARN_NON_LITERAL_NULL_CONVERSION = YES;
				CLANG_WARN_OBJC_LITERAL_CONVERSION = YES;
				CLANG_WARN_OBJC_ROOT_CLASS = YES_ERROR;
				CLANG_WARN_RANGE_LOOP_ANALYSIS = YES;
				CLANG_WARN_STRICT_PROTOTYPES = YES;
				CLANG_WARN_SUSPICIOUS_MOVE = YES;
				CLANG_WARN_UNGUARDED_AVAILABILITY = YES_AGGRESSIVE;
				CLANG_WARN_UNREACHABLE_CODE = YES;
				CLANG_WARN__DUPLICATE_METHOD_MATCH = YES;
				CODE_SIGN_IDENTITY = "iPhone Developer";
				COPY_PHASE_STRIP = NO;
				DEBUG_INFORMATION_FORMAT = "dwarf-with-dsym";
				ENABLE_NS_ASSERTIONS = NO;
				ENABLE_STRICT_OBJC_MSGSEND = YES;
				GCC_C_LANGUAGE_STANDARD = gnu11;
				GCC_NO_COMMON_BLOCKS = YES;
				GCC_WARN_64_TO_32_BIT_CONVERSION = YES;
				GCC_WARN_ABOUT_RETURN_TYPE = YES_ERROR;
				GCC_WARN_UNDECLARED_SELECTOR = YES;
				GCC_WARN_UNINITIALIZED_AUTOS = YES_AGGRESSIVE;
				GCC_WARN_UNUSED_FUNCTION = YES;
				GCC_WARN_UNUSED_VARIABLE = YES;
				IPHONEOS_DEPLOYMENT_TARGET = 11.1;
				MTL_ENABLE_DEBUG_INFO = NO;
				SDKROOT = iphoneos;
				SWIFT_OPTIMIZATION_LEVEL = "-Owholemodule";
				VALIDATE_PRODUCT = YES;
			};
			name = Release;
		};
		5B1D36DA1FDA5820001B2A79 /* Debug */ = {
			isa = XCBuildConfiguration;
			buildSettings = {
				ASSETCATALOG_COMPILER_APPICON_NAME = AppIcon;
				CODE_SIGN_STYLE = Automatic;
				DEVELOPMENT_TEAM = Y9A88564BT;
				INFOPLIST_FILE = sampleProject/Info.plist;
				LD_RUNPATH_SEARCH_PATHS = "$(inherited) @executable_path/Frameworks";
				PRODUCT_BUNDLE_IDENTIFIER = com.briskstar.sampleProject;
				PRODUCT_NAME = "$(TARGET_NAME)";
				SWIFT_VERSION = 4.0;
				TARGETED_DEVICE_FAMILY = "1,2";
			};
			name = Debug;
		};
		5B1D36DB1FDA5820001B2A79 /* Release */ = {
			isa = XCBuildConfiguration;
			buildSettings = {
				ASSETCATALOG_COMPILER_APPICON_NAME = AppIcon;
				CODE_SIGN_STYLE = Automatic;
				DEVELOPMENT_TEAM = Y9A88564BT;
				INFOPLIST_FILE = sampleProject/Info.plist;
				LD_RUNPATH_SEARCH_PATHS = "$(inherited) @executable_path/Frameworks";
				PRODUCT_BUNDLE_IDENTIFIER = com.briskstar.sampleProject;
				PRODUCT_NAME = "$(TARGET_NAME)";
				SWIFT_VERSION = 4.0;
				TARGETED_DEVICE_FAMILY = "1,2";
			};
			name = Release;
		};
		5B1D36DD1FDA5820001B2A79 /* Debug */ = {
			isa = XCBuildConfiguration;
			buildSettings = {
				ALWAYS_EMBED_SWIFT_STANDARD_LIBRARIES = YES;
				BUNDLE_LOADER = "$(TEST_HOST)";
				CODE_SIGN_STYLE = Automatic;
				INFOPLIST_FILE = sampleProjectTests/Info.plist;
				LD_RUNPATH_SEARCH_PATHS = "$(inherited) @executable_path/Frameworks @loader_path/Frameworks";
				PRODUCT_BUNDLE_IDENTIFIER = com.briskstar.sampleProjectTests;
				PRODUCT_NAME = "$(TARGET_NAME)";
				SWIFT_VERSION = 4.0;
				TARGETED_DEVICE_FAMILY = "1,2";
				TEST_HOST = "$(BUILT_PRODUCTS_DIR)/sampleProject.app/sampleProject";
			};
			name = Debug;
		};
		5B1D36DE1FDA5820001B2A79 /* Release */ = {
			isa = XCBuildConfiguration;
			buildSettings = {
				ALWAYS_EMBED_SWIFT_STANDARD_LIBRARIES = YES;
				BUNDLE_LOADER = "$(TEST_HOST)";
				CODE_SIGN_STYLE = Automatic;
				INFOPLIST_FILE = sampleProjectTests/Info.plist;
				LD_RUNPATH_SEARCH_PATHS = "$(inherited) @executable_path/Frameworks @loader_path/Frameworks";
				PRODUCT_BUNDLE_IDENTIFIER = com.briskstar.sampleProjectTests;
				PRODUCT_NAME = "$(TARGET_NAME)";
				SWIFT_VERSION = 4.0;
				TARGETED_DEVICE_FAMILY = "1,2";
				TEST_HOST = "$(BUILT_PRODUCTS_DIR)/sampleProject.app/sampleProject";
			};
			name = Release;
		};
		5B1D36E01FDA5820001B2A79 /* Debug */ = {
			isa = XCBuildConfiguration;
			buildSettings = {
				ALWAYS_EMBED_SWIFT_STANDARD_LIBRARIES = YES;
				CODE_SIGN_STYLE = Automatic;
				INFOPLIST_FILE = sampleProjectUITests/Info.plist;
				LD_RUNPATH_SEARCH_PATHS = "$(inherited) @executable_path/Frameworks @loader_path/Frameworks";
				PRODUCT_BUNDLE_IDENTIFIER = com.briskstar.sampleProjectUITests;
				PRODUCT_NAME = "$(TARGET_NAME)";
				SWIFT_VERSION = 4.0;
				TARGETED_DEVICE_FAMILY = "1,2";
				TEST_TARGET_NAME = sampleProject;
			};
			name = Debug;
		};
		5B1D36E11FDA5820001B2A79 /* Release */ = {
			isa = XCBuildConfiguration;
			buildSettings = {
				ALWAYS_EMBED_SWIFT_STANDARD_LIBRARIES = YES;
				CODE_SIGN_STYLE = Automatic;
				INFOPLIST_FILE = sampleProjectUITests/Info.plist;
				LD_RUNPATH_SEARCH_PATHS = "$(inherited) @executable_path/Frameworks @loader_path/Frameworks";
				PRODUCT_BUNDLE_IDENTIFIER = com.briskstar.sampleProjectUITests;
				PRODUCT_NAME = "$(TARGET_NAME)";
				SWIFT_VERSION = 4.0;
				TARGETED_DEVICE_FAMILY = "1,2";
				TEST_TARGET_NAME = sampleProject;
			};
			name = Release;
		};
/* End XCBuildConfiguration section */

/* Begin XCConfigurationList section */
		5B1D36AC1FDA5820001B2A79 /* Build configuration list for PBXProject "sampleProject" */ = {
			isa = XCConfigurationList;
			buildConfigurations = (
				5B1D36D71FDA5820001B2A79 /* Debug */,
				5B1D36D81FDA5820001B2A79 /* Release */,
			);
			defaultConfigurationIsVisible = 0;
			defaultConfigurationName = Release;
		};
		5B1D36D91FDA5820001B2A79 /* Build configuration list for PBXNativeTarget "sampleProject" */ = {
			isa = XCConfigurationList;
			buildConfigurations = (
				5B1D36DA1FDA5820001B2A79 /* Debug */,
				5B1D36DB1FDA5820001B2A79 /* Release */,
			);
			defaultConfigurationIsVisible = 0;
			defaultConfigurationName = Release;
		};
		5B1D36DC1FDA5820001B2A79 /* Build configuration list for PBXNativeTarget "sampleProjectTests" */ = {
			isa = XCConfigurationList;
			buildConfigurations = (
				5B1D36DD1FDA5820001B2A79 /* Debug */,
				5B1D36DE1FDA5820001B2A79 /* Release */,
			);
			defaultConfigurationIsVisible = 0;
			defaultConfigurationName = Release;
		};
		5B1D36DF1FDA5820001B2A79 /* Build configuration list for PBXNativeTarget "sampleProjectUITests" */ = {
			isa = XCConfigurationList;
			buildConfigurations = (
				5B1D36E01FDA5820001B2A79 /* Debug */,
				5B1D36E11FDA5820001B2A79 /* Release */,
			);
			defaultConfigurationIsVisible = 0;
			defaultConfigurationName = Release;
		};
/* End XCConfigurationList section */
	};
	rootObject = 5B1D36A91FDA5820001B2A79 /* Project object */;
}
